version = 1
revision = 3
requires-python = ">=3.13"

[[package]]
name = "colored"
version = "2.3.2"
source = { registry = "https://pypi.org/simple" }
sdist = { url = "https://files.pythonhosted.org/packages/7a/b6/c07f766b24cc3c92e3e24339ccacbc949d004f0fde759cdf24727c5c02bd/colored-2.3.2.tar.gz", hash = "sha256:d6b7f0737a732c54c92b271f2932c91e386238c8b6ded49d4180eed44eb50684", size = 17066, upload-time = "2026-03-28T14:54:19.989Z" }
wheels = [
    { url = "https://files.pythonhosted.org/packages/ee/93/2cfa674b84be707dc0b1653b00f7da9270c78a8fd43f7d80f0d8b1f5ead9/colored-2.3.2-py3-none-any.whl", hash = "sha256:f192e0545b7214f5479031495d14f4a46b29695650c46a50bf5bb8fb5cbd7893", size = 20285, upload-time = "2026-03-28T14:54:17.923Z" },
]

[[package]]
name = "distributed-system"
version = "0.1.0"
source = { editable = "." }
dependencies = [
    { name = "colored" },
    { name = "dotenv" },
]

[package.metadata]
requires-dist = [
    { name = "colored", specifier = ">=2.3.2" },
    { name = "dotenv", specifier = ">=0.9.9" },
]

[[package]]
name = "dotenv"
version = "0.9.9"
source = { registry = "https://pypi.org/simple" }
dependencies = [
    { name = "python-dotenv" },
]
wheels = [
    { url = "https://files.pythonhosted.org/packages/b2/b7/545d2c10c1fc15e48653c91efde329a790f2eecfbbf2bd16003b5db2bab0/dotenv-0.9.9-py2.py3-none-any.whl", hash = "sha256:29cf74a087b31dafdb5a446b6d7e11cbce8ed2741540e2339c69fbef92c94ce9", size = 1892, upload-time = "2025-02-19T22:15:01.647Z" },
]

[[package]]
name = "python-dotenv"
version = "1.2.3"
source = { registry = "https://pypi.org/simple" }
sdist = { url = "https://files.pythonhosted.org/packages/6a/53/ed9d74092561d4b01a2ef1349d52cdbc135e526c245f366b089cfca6de49/python_dotenv-1.2.3.tar.gz", hash = "sha256:a20a594dabeaa385725aa239d5244871c143ecb356add8a20fcf23773a6c3a35", size = 58945, upload-time = "2026-08-16T16:54:54.067Z" }
wheels = [
    { url = "https://files.pythonhosted.org/packages/0d/17/c5c6b53ddc18f297992099b3d9ec16c855c0ccc83263a21fe4d1c625ec6c/python_dotenv-1.2.3-py3-none-any.whl", hash = "sha256:904552145e8bfed22162c09dab1c2b9b54fefa7b23ba780f4f26ca0316b0f0d9", size = 22780, upload-time = "2026-08-16T16:54:52.473Z" },
]
